
Microsoft Visual Studio Solution File, Format Version 12.00
# Visual Studio 15
VisualStudioVersion = 15.0.27013.0
MinimumVisualStudioVersion = 10.0.40219.1
Project("{9A19103F-16F7-4668-BE54-9A1E7A4F7556}") = "DonutOutputCachingCore", "src\DonutOutputCachingCore.csproj", "{95295061-0BA9-4281-BC77-1393CC12A7E8}"
EndProject
Project("{2150E333-8FDC-42A3-9474-1A3956D46DE8}") = "Solution Items", "Solution Items", "{FE046C85-E19A-492F-AFC4-9540F693E0EE}"
	ProjectSection(SolutionItems) = preProject
		appveyor.yml = appveyor.yml
		images\concept.png = images\concept.png
		logo.png = logo.png
		README.md = README.md
	EndProjectSection
EndProject
Project("{9A19103F-16F7-4668-BE54-9A1E7A4F7556}") = "Sample", "Sample\Sample.csproj", "{0E9FD975-4138-445C-A2D4-EB9874C80B26}"
EndProject
Global
	GlobalSection(SolutionConfigurationPlatforms) = preSolution
		Debug|Any CPU = Debug|Any CPU
		Release|Any CPU = Release|Any CPU
	EndGlobalSection
	GlobalSection(ProjectConfigurationPlatforms) = postSolution
		{95295061-0BA9-4281-BC77-1393CC12A7E8}.Debug|Any CPU.ActiveCfg = Debug|Any CPU
		{95295061-0BA9-4281-BC77-1393CC12A7E8}.Debug|Any CPU.Build.0 = Debug|Any CPU
		{95295061-0BA9-4281-BC77-1393CC12A7E8}.Release|Any CPU.ActiveCfg = Release|Any CPU
		{95295061-0BA9-4281-BC77-1393CC12A7E8}.Release|Any CPU.Build.0 = Release|Any CPU
		{0E9FD975-4138-445C-A2D4-EB9874C80B26}.Debug|Any CPU.ActiveCfg = Debug|Any CPU
		{0E9FD975-4138-445C-A2D4-EB9874C80B26}.Debug|Any CPU.Build.0 = Debug|Any CPU
		{0E9FD975-4138-445C-A2D4-EB9874C80B26}.Release|Any CPU.ActiveCfg = Release|Any CPU
		{0E9FD975-4138-445C-A2D4-EB9874C80B26}.Release|Any CPU.Build.0 = Release|Any CPU
	EndGlobalSection
	GlobalSection(SolutionProperties) = preSolution
		HideSolutionNode = FALSE
	EndGlobalSection
	GlobalSection(ExtensibilityGlobals) = postSolution
		SolutionGuid = {3B0842E9-4373-4697-9D2C-BE04FC72CECB}
	EndGlobalSection
EndGlobal
